
Microsoft Visual Studio Solution File, Format Version 12.00
# Visual Studio Version 17
VisualStudioVersion = 17.13.35931.197 d17.13
MinimumVisualStudioVersion = 10.0.40219.1
Project("{FAE04EC0-301F-11D3-BF4B-00C04F79EFBC}") = "vue-kintai", "vue-kintai\vue-kintai.csproj", "{F362E628-ACE9-4CC8-A02E-633A6E2D5EFE}"
EndProject
Global
	GlobalSection(SolutionConfigurationPlatforms) = preSolution
		Debug|Any CPU = Debug|Any CPU
		Release|Any CPU = Release|Any CPU
	EndGlobalSection
	GlobalSection(ProjectConfigurationPlatforms) = postSolution
		{F362E628-ACE9-4CC8-A02E-633A6E2D5EFE}.Debug|Any CPU.ActiveCfg = Debug|Any CPU
		{F362E628-ACE9-4CC8-A02E-633A6E2D5EFE}.Debug|Any CPU.Build.0 = Debug|Any CPU
		{F362E628-ACE9-4CC8-A02E-633A6E2D5EFE}.Release|Any CPU.ActiveCfg = Release|Any CPU
		{F362E628-ACE9-4CC8-A02E-633A6E2D5EFE}.Release|Any CPU.Build.0 = Release|Any CPU
	EndGlobalSection
	GlobalSection(SolutionProperties) = preSolution
		HideSolutionNode = FALSE
	EndGlobalSection
	GlobalSection(ExtensibilityGlobals) = postSolution
		SolutionGuid = {D7CA8EF4-A4B4-4B02-A80D-EDA3EEF9AFA9}
	EndGlobalSection
EndGlobal
